// !$*UTF8*$!
{
	archiveVersion = 1;
	classes = {
	};
	objectVersion = 46;
	objects = {

/* Begin PBXBuildFile section */
		EC7CC649138161E8001B5D70 /* DDLog.m in Sources */ = {isa = PBXBuildFile; fileRef = EC7CC642138161E8001B5D70 /* DDLog.m */; };
		EC7CC64A138161E8001B5D70 /* DDTTYLogger.m in Sources */ = {isa = PBXBuildFile; fileRef = EC7CC644138161E8001B5D70 /* DDTTYLogger.m */; };
		EC7CC64B138161E8001B5D70 /* DDASLLogger.m in Sources */ = {isa = PBXBuildFile; fileRef = EC7CC646138161E8001B5D70 /* DDASLLogger.m */; };
		EC7CC64C138161E8001B5D70 /* DDFileLogger.m in Sources */ = {isa = PBXBuildFile; fileRef = EC7CC648138161E8001B5D70 /* DDFileLogger.m */; };
		ECA7E4DD137CD6520046380A /* GCDAsyncSocket.m in Sources */ = {isa = PBXBuildFile; fileRef = ECA7E4DC137CD6520046380A /* GCDAsyncSocket.m */; };
		ECA7E4EB137CD6890046380A /* HTTPAuthenticationRequest.m in Sources */ = {isa = PBXBuildFile; fileRef = ECA7E4E1137CD6890046380A /* HTTPAuthenticationRequest.m */; };
		ECA7E4EC137CD6890046380A /* HTTPServer.m in Sources */ = {isa = PBXBuildFile; fileRef = ECA7E4E3137CD6890046380A /* HTTPServer.m */; };
		ECA7E4ED137CD6890046380A /* HTTPConnection.m in Sources */ = {isa = PBXBuildFile; fileRef = ECA7E4E5137CD6890046380A /* HTTPConnection.m */; };
		ECA7E4EE137CD6890046380A /* HTTPMessage.m in Sources */ = {isa = PBXBuildFile; fileRef = ECA7E4E7137CD6890046380A /* HTTPMessage.m */; };
		ECA7E4EF137CD6890046380A /* WebSocket.m in Sources */ = {isa = PBXBuildFile; fileRef = ECA7E4EA137CD6890046380A /* WebSocket.m */; };
		ECA7E4F6137CD6980046380A /* DDData.m in Sources */ = {isa = PBXBuildFile; fileRef = ECA7E4F1137CD6980046380A /* DDData.m */; };
		ECA7E4F7137CD6980046380A /* DDNumber.m in Sources */ = {isa = PBXBuildFile; fileRef = ECA7E4F3137CD6980046380A /* DDNumber.m */; };
		ECA7E4F8137CD6980046380A /* DDRange.m in Sources */ = {isa = PBXBuildFile; fileRef = ECA7E4F5137CD6980046380A /* DDRange.m */; };
		ECA7E503137CD6A10046380A /* HTTPFileResponse.m in Sources */ = {isa = PBXBuildFile; fileRef = ECA7E4FA137CD6A10046380A /* HTTPFileResponse.m */; };
		ECA7E504137CD6A10046380A /* HTTPDataResponse.m in Sources */ = {isa = PBXBuildFile; fileRef = ECA7E4FC137CD6A10046380A /* HTTPDataResponse.m */; };
		ECA7E505137CD6A10046380A /* HTTPRedirectResponse.m in Sources */ = {isa = PBXBuildFile; fileRef = ECA7E4FE137CD6A10046380A /* HTTPRedirectResponse.m */; };
		ECA7E506137CD6A10046380A /* HTTPAsyncFileResponse.m in Sources */ = {isa = PBXBuildFile; fileRef = ECA7E500137CD6A10046380A /* HTTPAsyncFileResponse.m */; };
		ECA7E507137CD6A10046380A /* HTTPDynamicFileResponse.m in Sources */ = {isa = PBXBuildFile; fileRef = ECA7E502137CD6A10046380A /* HTTPDynamicFileResponse.m */; };
		ECE098161380168700D8AB16 /* MainWindow_iPad.xib in Resources */ = {isa = PBXBuildFile; fileRef = ECE098151380168700D8AB16 /* MainWindow_iPad.xib */; };
		ECE0982A13806DE600D8AB16 /* IOS_Streaming_BrowserAppDelegate.m in Sources */ = {isa = PBXBuildFile; fileRef = ECE0982813806DE600D8AB16 /* IOS_Streaming_BrowserAppDelegate.m */; };
		ECE0982F13806DFD00D8AB16 /* IOS_Streaming_BrowserViewController.m in Sources */ = {isa = PBXBuildFile; fileRef = ECE0982C13806DFD00D8AB16 /* IOS_Streaming_BrowserViewController.m */; };
		ECE0983313806E2700D8AB16 /* main.m in Sources */ = {isa = PBXBuildFile; fileRef = ECE0983213806E2700D8AB16 /* main.m */; };
		ECE61A0C137C3E5F00622B58 /* UIKit.framework in Frameworks */ = {isa = PBXBuildFile; fileRef = ECE61A0B137C3E5F00622B58 /* UIKit.framework */; };
		ECE61A0E137C3E5F00622B58 /* Foundation.framework in Frameworks */ = {isa = PBXBuildFile; fileRef = ECE61A0D137C3E5F00622B58 /* Foundation.framework */; };
		ECE61A10137C3E5F00622B58 /* CoreGraphics.framework in Frameworks */ = {isa = PBXBuildFile; fileRef = ECE61A0F137C3E5F00622B58 /* CoreGraphics.framework */; };
		ECE61A70137C3F4B00622B58 /* CFNetwork.framework in Frameworks */ = {isa = PBXBuildFile; fileRef = ECE61A6F137C3F4B00622B58 /* CFNetwork.framework */; };
		ECE61A90137C4B5A00622B58 /* Web in Resources */ = {isa = PBXBuildFile; fileRef = ECE61A8F137C4B5A00622B58 /* Web */; };
		ECE61AA2137C4BD000622B58 /* iPadSplashScreen.png in Resources */ = {isa = PBXBuildFile; fileRef = ECE61A9A137C4BD000622B58 /* iPadSplashScreen.png */; };
		ECE61AA3137C4BD000622B58 /* iPhoneSplashScreen.png in Resources */ = {isa = PBXBuildFile; fileRef = ECE61A9B137C4BD000622B58 /* iPhoneSplashScreen.png */; };
		ECE61AA4137C4BD000622B58 /* Default-Portrait~ipad.png in Resources */ = {isa = PBXBuildFile; fileRef = ECE61A9C137C4BD000622B58 /* Default-Portrait~ipad.png */; };
		ECE61AA5137C4BD000622B58 /* Icon72x72.png in Resources */ = {isa = PBXBuildFile; fileRef = ECE61A9D137C4BD000622B58 /* Icon72x72.png */; };
		ECE61AA6137C4BD000622B58 /* TeacherConsole.png in Resources */ = {isa = PBXBuildFile; fileRef = ECE61A9E137C4BD000622B58 /* TeacherConsole.png */; };
		ECE61AA7137C4BD000622B58 /* Default.png in Resources */ = {isa = PBXBuildFile; fileRef = ECE61A9F137C4BD000622B58 /* Default.png */; };
		ECE61AA8137C4BD000622B58 /* Icon@2x.png in Resources */ = {isa = PBXBuildFile; fileRef = ECE61AA0137C4BD000622B58 /* Icon@2x.png */; };
		ECE61AA9137C4BD000622B58 /* Icon.png in Resources */ = {isa = PBXBuildFile; fileRef = ECE61AA1137C4BD000622B58 /* Icon.png */; };
		ECE61AB7137C552D00622B58 /* localhostAddresses.m in Sources */ = {isa = PBXBuildFile; fileRef = ECE61AB6137C552D00622B58 /* localhostAddresses.m */; };
		ECE61AB9137C55A800622B58 /* MediaPlayer.framework in Frameworks */ = {isa = PBXBuildFile; fileRef = ECE61AB8137C55A800622B58 /* MediaPlayer.framework */; };
		ECE61ABB137C55B100622B58 /* MessageUI.framework in Frameworks */ = {isa = PBXBuildFile; fileRef = ECE61ABA137C55B100622B58 /* MessageUI.framework */; };
		ECE61ABD137C55BB00622B58 /* AudioToolbox.framework in Frameworks */ = {isa = PBXBuildFile; fileRef = ECE61ABC137C55BA00622B58 /* AudioToolbox.framework */; };
		ECE61ABF137C55C400622B58 /* SystemConfiguration.framework in Frameworks */ = {isa = PBXBuildFile; fileRef = ECE61ABE137C55C400622B58 /* SystemConfiguration.framework */; };
		ECE61AC4137C5D2200622B58 /* MainWindow.xib in Resources */ = {isa = PBXBuildFile; fileRef = ECE61AC3137C5D2200622B58 /* MainWindow.xib */; };
/* End PBXBuildFile section */

/* Begin PBXFileReference section */
		EC7CC641138161E8001B5D70 /* DDLog.h */ = {isa = PBXFileReference; fileEncoding = 4; lastKnownFileType = sourcecode.c.h; path = DDLog.h; sourceTree = "<group>"; };
		EC7CC642138161E8001B5D70 /* DDLog.m */ = {isa = PBXFileReference; fileEncoding = 4; lastKnownFileType = sourcecode.c.objc; path = DDLog.m; sourceTree = "<group>"; };
		EC7CC643138161E8001B5D70 /* DDTTYLogger.h */ = {isa = PBXFileReference; fileEncoding = 4; lastKnownFileType = sourcecode.c.h; path = DDTTYLogger.h; sourceTree = "<group>"; };
		EC7CC644138161E8001B5D70 /* DDTTYLogger.m */ = {isa = PBXFileReference; fileEncoding = 4; lastKnownFileType = sourcecode.c.objc; path = DDTTYLogger.m; sourceTree = "<group>"; };
		EC7CC645138161E8001B5D70 /* DDASLLogger.h */ = {isa = PBXFileReference; fileEncoding = 4; lastKnownFileType = sourcecode.c.h; path = DDASLLogger.h; sourceTree = "<group>"; };
		EC7CC646138161E8001B5D70 /* DDASLLogger.m */ = {isa = PBXFileReference; fileEncoding = 4; lastKnownFileType = sourcecode.c.objc; path = DDASLLogger.m; sourceTree = "<group>"; };
		EC7CC647138161E8001B5D70 /* DDFileLogger.h */ = {isa = PBXFileReference; fileEncoding = 4; lastKnownFileType = sourcecode.c.h; path = DDFileLogger.h; sourceTree = "<group>"; };
		EC7CC648138161E8001B5D70 /* DDFileLogger.m */ = {isa = PBXFileReference; fileEncoding = 4; lastKnownFileType = sourcecode.c.objc; path = DDFileLogger.m; sourceTree = "<group>"; };
		ECA7E4DB137CD6520046380A /* GCDAsyncSocket.h */ = {isa = PBXFileReference; fileEncoding = 4; lastKnownFileType = sourcecode.c.h; path = GCDAsyncSocket.h; sourceTree = "<group>"; };
		ECA7E4DC137CD6520046380A /* GCDAsyncSocket.m */ = {isa = PBXFileReference; fileEncoding = 4; lastKnownFileType = sourcecode.c.objc; path = GCDAsyncSocket.m; sourceTree = "<group>"; };
		ECA7E4E0137CD6890046380A /* HTTPAuthenticationRequest.h */ = {isa = PBXFileReference; fileEncoding = 4; lastKnownFileType = sourcecode.c.h; path = HTTPAuthenticationRequest.h; sourceTree = "<group>"; };
		ECA7E4E1137CD6890046380A /* HTTPAuthenticationRequest.m */ = {isa = PBXFileReference; fileEncoding = 4; lastKnownFileType = sourcecode.c.objc; path = HTTPAuthenticationRequest.m; sourceTree = "<group>"; };
		ECA7E4E2137CD6890046380A /* HTTPServer.h */ = {isa = PBXFileReference; fileEncoding = 4; lastKnownFileType = sourcecode.c.h; path = HTTPServer.h; sourceTree = "<group>"; };
		ECA7E4E3137CD6890046380A /* HTTPServer.m */ = {isa = PBXFileReference; fileEncoding = 4; lastKnownFileType = sourcecode.c.objc; path = HTTPServer.m; sourceTree = "<group>"; };
		ECA7E4E4137CD6890046380A /* HTTPConnection.h */ = {isa = PBXFileReference; fileEncoding = 4; lastKnownFileType = sourcecode.c.h; path = HTTPConnection.h; sourceTree = "<group>"; };
		ECA7E4E5137CD6890046380A /* HTTPConnection.m */ = {isa = PBXFileReference; fileEncoding = 4; lastKnownFileType = sourcecode.c.objc; path = HTTPConnection.m; sourceTree = "<group>"; };
		ECA7E4E6137CD6890046380A /* HTTPMessage.h */ = {isa = PBXFileReference; fileEncoding = 4; lastKnownFileType = sourcecode.c.h; path = HTTPMessage.h; sourceTree = "<group>"; };
		ECA7E4E7137CD6890046380A /* HTTPMessage.m */ = {isa = PBXFileReference; fileEncoding = 4; lastKnownFileType = sourcecode.c.objc; path = HTTPMessage.m; sourceTree = "<group>"; };
		ECA7E4E8137CD6890046380A /* HTTPResponse.h */ = {isa = PBXFileReference; fileEncoding = 4; lastKnownFileType = sourcecode.c.h; path = HTTPResponse.h; sourceTree = "<group>"; };
		ECA7E4E9137CD6890046380A /* WebSocket.h */ = {isa = PBXFileReference; fileEncoding = 4; lastKnownFileType = sourcecode.c.h; path = WebSocket.h; sourceTree = "<group>"; };
		ECA7E4EA137CD6890046380A /* WebSocket.m */ = {isa = PBXFileReference; fileEncoding = 4; lastKnownFileType = sourcecode.c.objc; path = WebSocket.m; sourceTree = "<group>"; };
		ECA7E4F0137CD6980046380A /* DDData.h */ = {isa = PBXFileReference; fileEncoding = 4; lastKnownFileType = sourcecode.c.h; path = DDData.h; sourceTree = "<group>"; };
		ECA7E4F1137CD6980046380A /* DDData.m */ = {isa = PBXFileReference; fileEncoding = 4; lastKnownFileType = sourcecode.c.objc; path = DDData.m; sourceTree = "<group>"; };
		ECA7E4F2137CD6980046380A /* DDNumber.h */ = {isa = PBXFileReference; fileEncoding = 4; lastKnownFileType = sourcecode.c.h; path = DDNumber.h; sourceTree = "<group>"; };
		ECA7E4F3137CD6980046380A /* DDNumber.m */ = {isa = PBXFileReference; fileEncoding = 4; lastKnownFileType = sourcecode.c.objc; path = DDNumber.m; sourceTree = "<group>"; };
		ECA7E4F4137CD6980046380A /* DDRange.h */ = {isa = PBXFileReference; fileEncoding = 4; lastKnownFileType = sourcecode.c.h; path = DDRange.h; sourceTree = "<group>"; };
		ECA7E4F5137CD6980046380A /* DDRange.m */ = {isa = PBXFileReference; fileEncoding = 4; lastKnownFileType = sourcecode.c.objc; path = DDRange.m; sourceTree = "<group>"; };
		ECA7E4F9137CD6A10046380A /* HTTPFileResponse.h */ = {isa = PBXFileReference; fileEncoding = 4; lastKnownFileType = sourcecode.c.h; path = HTTPFileResponse.h; sourceTree = "<group>"; };
		ECA7E4FA137CD6A10046380A /* HTTPFileResponse.m */ = {isa = PBXFileReference; fileEncoding = 4; lastKnownFileType = sourcecode.c.objc; path = HTTPFileResponse.m; sourceTree = "<group>"; };
		ECA7E4FB137CD6A10046380A /* HTTPDataResponse.h */ = {isa = PBXFileReference; fileEncoding = 4; lastKnownFileType = sourcecode.c.h; path = HTTPDataResponse.h; sourceTree = "<group>"; };
		ECA7E4FC137CD6A10046380A /* HTTPDataResponse.m */ = {isa = PBXFileReference; fileEncoding = 4; lastKnownFileType = sourcecode.c.objc; path = HTTPDataResponse.m; sourceTree = "<group>"; };
		ECA7E4FD137CD6A10046380A /* HTTPRedirectResponse.h */ = {isa = PBXFileReference; fileEncoding = 4; lastKnownFileType = sourcecode.c.h; path = HTTPRedirectResponse.h; sourceTree = "<group>"; };
		ECA7E4FE137CD6A10046380A /* HTTPRedirectResponse.m */ = {isa = PBXFileReference; fileEncoding = 4; lastKnownFileType = sourcecode.c.objc; path = HTTPRedirectResponse.m; sourceTree = "<group>"; };
		ECA7E4FF137CD6A10046380A /* HTTPAsyncFileResponse.h */ = {isa = PBXFileReference; fileEncoding = 4; lastKnownFileType = sourcecode.c.h; path = HTTPAsyncFileResponse.h; sourceTree = "<group>"; };
		ECA7E500137CD6A10046380A /* HTTPAsyncFileResponse.m */ = {isa = PBXFileReference; fileEncoding = 4; lastKnownFileType = sourcecode.c.objc; path = HTTPAsyncFileResponse.m; sourceTree = "<group>"; };
		ECA7E501137CD6A10046380A /* HTTPDynamicFileResponse.h */ = {isa = PBXFileReference; fileEncoding = 4; lastKnownFileType = sourcecode.c.h; path = HTTPDynamicFileResponse.h; sourceTree = "<group>"; };
		ECA7E502137CD6A10046380A /* HTTPDynamicFileResponse.m */ = {isa = PBXFileReference; fileEncoding = 4; lastKnownFileType = sourcecode.c.objc; path = HTTPDynamicFileResponse.m; sourceTree = "<group>"; };
		ECE098151380168700D8AB16 /* MainWindow_iPad.xib */ = {isa = PBXFileReference; fileEncoding = 4; lastKnownFileType = file.xib; path = MainWindow_iPad.xib; sourceTree = "<group>"; };
		ECE0982813806DE600D8AB16 /* IOS_Streaming_BrowserAppDelegate.m */ = {isa = PBXFileReference; fileEncoding = 4; lastKnownFileType = sourcecode.c.objc; path = IOS_Streaming_BrowserAppDelegate.m; sourceTree = "<group>"; };
		ECE0982913806DE600D8AB16 /* IOS_Streaming_BrowserAppDelegate.h */ = {isa = PBXFileReference; fileEncoding = 4; lastKnownFileType = sourcecode.c.h; path = IOS_Streaming_BrowserAppDelegate.h; sourceTree = "<group>"; };
		ECE0982C13806DFD00D8AB16 /* IOS_Streaming_BrowserViewController.m */ = {isa = PBXFileReference; fileEncoding = 4; lastKnownFileType = sourcecode.c.objc; path = IOS_Streaming_BrowserViewController.m; sourceTree = "<group>"; };
		ECE0982D13806DFD00D8AB16 /* IOS-Streaming-Browser-Info.plist */ = {isa = PBXFileReference; fileEncoding = 4; lastKnownFileType = text.plist.xml; path = "IOS-Streaming-Browser-Info.plist"; sourceTree = "<group>"; };
		ECE0982E13806DFD00D8AB16 /* IOS_Streaming_BrowserViewController.h */ = {isa = PBXFileReference; fileEncoding = 4; lastKnownFileType = sourcecode.c.h; path = IOS_Streaming_BrowserViewController.h; sourceTree = "<group>"; };
		ECE0983113806E1400D8AB16 /* IOS-Streaming-Browser-Prefix.pch */ = {isa = PBXFileReference; fileEncoding = 4; lastKnownFileType = sourcecode.c.h; path = "IOS-Streaming-Browser-Prefix.pch"; sourceTree = "<group>"; };
		ECE0983213806E2700D8AB16 /* main.m */ = {isa = PBXFileReference; fileEncoding = 4; lastKnownFileType = sourcecode.c.objc; path = main.m; sourceTree = "<group>"; };
		ECE61A07137C3E5F00622B58 /* IOS-Streaming-Browser.app */ = {isa = PBXFileReference; explicitFileType = wrapper.application; includeInIndex = 0; path = "IOS-Streaming-Browser.app"; sourceTree = BUILT_PRODUCTS_DIR; };
		ECE61A0B137C3E5F00622B58 /* UIKit.framework */ = {isa = PBXFileReference; lastKnownFileType = wrapper.framework; name = UIKit.framework; path = System/Library/Frameworks/UIKit.framework; sourceTree = SDKROOT; };
		ECE61A0D137C3E5F00622B58 /* Foundation.framework */ = {isa = PBXFileReference; lastKnownFileType = wrapper.framework; name = Foundation.framework; path = System/Library/Frameworks/Foundation.framework; sourceTree = SDKROOT; };
		ECE61A0F137C3E5F00622B58 /* CoreGraphics.framework */ = {isa = PBXFileReference; lastKnownFileType = wrapper.framework; name = CoreGraphics.framework; path = System/Library/Frameworks/CoreGraphics.framework; sourceTree = SDKROOT; };
		ECE61A6F137C3F4B00622B58 /* CFNetwork.framework */ = {isa = PBXFileReference; lastKnownFileType = wrapper.framework; name = CFNetwork.framework; path = System/Library/Frameworks/CFNetwork.framework; sourceTree = SDKROOT; };
		ECE61A8F137C4B5A00622B58 /* Web */ = {isa = PBXFileReference; lastKnownFileType = folder; path = Web; sourceTree = "<group>"; };
		ECE61A9A137C4BD000622B58 /* iPadSplashScreen.png */ = {isa = PBXFileReference; lastKnownFileType = image.png; path = iPadSplashScreen.png; sourceTree = "<group>"; };
		ECE61A9B137C4BD000622B58 /* iPhoneSplashScreen.png */ = {isa = PBXFileReference; lastKnownFileType = image.png; path = iPhoneSplashScreen.png; sourceTree = "<group>"; };
		ECE61A9C137C4BD000622B58 /* Default-Portrait~ipad.png */ = {isa = PBXFileReference; lastKnownFileType = image.png; path = "Default-Portrait~ipad.png"; sourceTree = "<group>"; };
		ECE61A9D137C4BD000622B58 /* Icon72x72.png */ = {isa = PBXFileReference; lastKnownFileType = image.png; path = Icon72x72.png; sourceTree = "<group>"; };
		ECE61A9E137C4BD000622B58 /* TeacherConsole.png */ = {isa = PBXFileReference; lastKnownFileType = image.png; path = TeacherConsole.png; sourceTree = "<group>"; };
		ECE61A9F137C4BD000622B58 /* Default.png */ = {isa = PBXFileReference; lastKnownFileType = image.png; path = Default.png; sourceTree = "<group>"; };
		ECE61AA0137C4BD000622B58 /* Icon@2x.png */ = {isa = PBXFileReference; lastKnownFileType = image.png; path = "Icon@2x.png"; sourceTree = "<group>"; };
		ECE61AA1137C4BD000622B58 /* Icon.png */ = {isa = PBXFileReference; lastKnownFileType = image.png; path = Icon.png; sourceTree = "<group>"; };
		ECE61AB5137C552D00622B58 /* localhostAddresses.h */ = {isa = PBXFileReference; fileEncoding = 4; lastKnownFileType = sourcecode.c.h; path = localhostAddresses.h; sourceTree = "<group>"; };
		ECE61AB6137C552D00622B58 /* localhostAddresses.m */ = {isa = PBXFileReference; fileEncoding = 4; lastKnownFileType = sourcecode.c.objc; path = localhostAddresses.m; sourceTree = "<group>"; };
		ECE61AB8137C55A800622B58 /* MediaPlayer.framework */ = {isa = PBXFileReference; lastKnownFileType = wrapper.framework; name = MediaPlayer.framework; path = System/Library/Frameworks/MediaPlayer.framework; sourceTree = SDKROOT; };
		ECE61ABA137C55B100622B58 /* MessageUI.framework */ = {isa = PBXFileReference; lastKnownFileType = wrapper.framework; name = MessageUI.framework; path = System/Library/Frameworks/MessageUI.framework; sourceTree = SDKROOT; };
		ECE61ABC137C55BA00622B58 /* AudioToolbox.framework */ = {isa = PBXFileReference; lastKnownFileType = wrapper.framework; name = AudioToolbox.framework; path = System/Library/Frameworks/AudioToolbox.framework; sourceTree = SDKROOT; };
		ECE61ABE137C55C400622B58 /* SystemConfiguration.framework */ = {isa = PBXFileReference; lastKnownFileType = wrapper.framework; name = SystemConfiguration.framework; path = System/Library/Frameworks/SystemConfiguration.framework; sourceTree = SDKROOT; };
		ECE61AC3137C5D2200622B58 /* MainWindow.xib */ = {isa = PBXFileReference; fileEncoding = 4; lastKnownFileType = file.xib; path = MainWindow.xib; sourceTree = "<group>"; };
/* End PBXFileReference section */

/* Begin PBXFrameworksBuildPhase section */
		ECE61A04137C3E5F00622B58 /* Frameworks */ = {
			isa = PBXFrameworksBuildPhase;
			buildActionMask = 2147483647;
			files = (
				ECE61ABF137C55C400622B58 /* SystemConfiguration.framework in Frameworks */,
				ECE61ABD137C55BB00622B58 /* AudioToolbox.framework in Frameworks */,
				ECE61ABB137C55B100622B58 /* MessageUI.framework in Frameworks */,
				ECE61AB9137C55A800622B58 /* MediaPlayer.framework in Frameworks */,
				ECE61A70137C3F4B00622B58 /* CFNetwork.framework in Frameworks */,
				ECE61A0C137C3E5F00622B58 /* UIKit.framework in Frameworks */,
				ECE61A0E137C3E5F00622B58 /* Foundation.framework in Frameworks */,
				ECE61A10137C3E5F00622B58 /* CoreGraphics.framework in Frameworks */,
			);
			runOnlyForDeploymentPostprocessing = 0;
		};
/* End PBXFrameworksBuildPhase section */

/* Begin PBXGroup section */
		EC7CC640138161D5001B5D70 /* Logging */ = {
			isa = PBXGroup;
			children = (
				EC7CC641138161E8001B5D70 /* DDLog.h */,
				EC7CC642138161E8001B5D70 /* DDLog.m */,
				EC7CC643138161E8001B5D70 /* DDTTYLogger.h */,
				EC7CC644138161E8001B5D70 /* DDTTYLogger.m */,
				EC7CC645138161E8001B5D70 /* DDASLLogger.h */,
				EC7CC646138161E8001B5D70 /* DDASLLogger.m */,
				EC7CC647138161E8001B5D70 /* DDFileLogger.h */,
				EC7CC648138161E8001B5D70 /* DDFileLogger.m */,
			);
			name = Logging;
			sourceTree = "<group>";
		};
		ECA7E4DE137CD6750046380A /* Core */ = {
			isa = PBXGroup;
			children = (
				ECA7E4E0137CD6890046380A /* HTTPAuthenticationRequest.h */,
				ECA7E4E1137CD6890046380A /* HTTPAuthenticationRequest.m */,
				ECA7E4E2137CD6890046380A /* HTTPServer.h */,
				ECA7E4E3137CD6890046380A /* HTTPServer.m */,
				ECA7E4E4137CD6890046380A /* HTTPConnection.h */,
				ECA7E4E5137CD6890046380A /* HTTPConnection.m */,
				ECA7E4E6137CD6890046380A /* HTTPMessage.h */,
				ECA7E4E7137CD6890046380A /* HTTPMessage.m */,
				ECA7E4E8137CD6890046380A /* HTTPResponse.h */,
				ECA7E4E9137CD6890046380A /* WebSocket.h */,
				ECA7E4EA137CD6890046380A /* WebSocket.m */,
			);
			name = Core;
			sourceTree = "<group>";
		};
		ECE619FC137C3E5E00622B58 = {
			isa = PBXGroup;
			children = (
				EC7CC640138161D5001B5D70 /* Logging */,
				ECE61A38137C3E8400622B58 /* TCP */,
				ECE61A3C137C3E9C00622B58 /* HTTP */,
				ECE61A88137C444B00622B58 /* Classes */,
				ECE61A89137C44B400622B58 /* Other Sources */,
				ECE61A71137C405000622B58 /* Resources */,
				ECE61A0A137C3E5F00622B58 /* Frameworks */,
				ECE61A08137C3E5F00622B58 /* Products */,
			);
			sourceTree = "<group>";
		};
		ECE61A08137C3E5F00622B58 /* Products */ = {
			isa = PBXGroup;
			children = (
				ECE61A07137C3E5F00622B58 /* IOS-Streaming-Browser.app */,
			);
			name = Products;
			sourceTree = "<group>";
		};
		ECE61A0A137C3E5F00622B58 /* Frameworks */ = {
			isa = PBXGroup;
			children = (
				ECE61ABE137C55C400622B58 /* SystemConfiguration.framework */,
				ECE61ABC137C55BA00622B58 /* AudioToolbox.framework */,
				ECE61ABA137C55B100622B58 /* MessageUI.framework */,
				ECE61AB8137C55A800622B58 /* MediaPlayer.framework */,
				ECE61A6F137C3F4B00622B58 /* CFNetwork.framework */,
				ECE61A0B137C3E5F00622B58 /* UIKit.framework */,
				ECE61A0D137C3E5F00622B58 /* Foundation.framework */,
				ECE61A0F137C3E5F00622B58 /* CoreGraphics.framework */,
			);
			name = Frameworks;
			sourceTree = "<group>";
		};
		ECE61A38137C3E8400622B58 /* TCP */ = {
			isa = PBXGroup;
			children = (
				ECA7E4DB137CD6520046380A /* GCDAsyncSocket.h */,
				ECA7E4DC137CD6520046380A /* GCDAsyncSocket.m */,
			);
			name = TCP;
			sourceTree = "<group>";
		};
		ECE61A3C137C3E9C00622B58 /* HTTP */ = {
			isa = PBXGroup;
			children = (
				ECA7E4DE137CD6750046380A /* Core */,
				ECE61A5E137C3ED400622B58 /* Categories */,
				ECE61A4E137C3EB500622B58 /* Responses */,
			);
			name = HTTP;
			sourceTree = "<group>";
		};
		ECE61A4E137C3EB500622B58 /* Responses */ = {
			isa = PBXGroup;
			children = (
				ECA7E4F9137CD6A10046380A /* HTTPFileResponse.h */,
				ECA7E4FA137CD6A10046380A /* HTTPFileResponse.m */,
				ECA7E4FB137CD6A10046380A /* HTTPDataResponse.h */,
				ECA7E4FC137CD6A10046380A /* HTTPDataResponse.m */,
				ECA7E4FD137CD6A10046380A /* HTTPRedirectResponse.h */,
				ECA7E4FE137CD6A10046380A /* HTTPRedirectResponse.m */,
				ECA7E4FF137CD6A10046380A /* HTTPAsyncFileResponse.h */,
				ECA7E500137CD6A10046380A /* HTTPAsyncFileResponse.m */,
				ECA7E501137CD6A10046380A /* HTTPDynamicFileResponse.h */,
				ECA7E502137CD6A10046380A /* HTTPDynamicFileResponse.m */,
			);
			name = Responses;
			sourceTree = "<group>";
		};
		ECE61A5E137C3ED400622B58 /* Categories */ = {
			isa = PBXGroup;
			children = (
				ECA7E4F0137CD6980046380A /* DDData.h */,
				ECA7E4F1137CD6980046380A /* DDData.m */,
				ECA7E4F2137CD6980046380A /* DDNumber.h */,
				ECA7E4F3137CD6980046380A /* DDNumber.m */,
				ECA7E4F4137CD6980046380A /* DDRange.h */,
				ECA7E4F5137CD6980046380A /* DDRange.m */,
			);
			name = Categories;
			sourceTree = "<group>";
		};
		ECE61A71137C405000622B58 /* Resources */ = {
			isa = PBXGroup;
			children = (
				ECE61A99137C4BBA00622B58 /* Images */,
				ECE61A8F137C4B5A00622B58 /* Web */,
				ECE61AC3137C5D2200622B58 /* MainWindow.xib */,
				ECE098151380168700D8AB16 /* MainWindow_iPad.xib */,
			);
			name = Resources;
			sourceTree = "<group>";
		};
		ECE61A88137C444B00622B58 /* Classes */ = {
			isa = PBXGroup;
			children = (
				ECE61AB5137C552D00622B58 /* localhostAddresses.h */,
				ECE61AB6137C552D00622B58 /* localhostAddresses.m */,
				ECE0982813806DE600D8AB16 /* IOS_Streaming_BrowserAppDelegate.m */,
				ECE0982913806DE600D8AB16 /* IOS_Streaming_BrowserAppDelegate.h */,
				ECE0982E13806DFD00D8AB16 /* IOS_Streaming_BrowserViewController.h */,
				ECE0982C13806DFD00D8AB16 /* IOS_Streaming_BrowserViewController.m */,
			);
			name = Classes;
			sourceTree = "<group>";
		};
		ECE61A89137C44B400622B58 /* Other Sources */ = {
			isa = PBXGroup;
			children = (
				ECE0982D13806DFD00D8AB16 /* IOS-Streaming-Browser-Info.plist */,
				ECE0983113806E1400D8AB16 /* IOS-Streaming-Browser-Prefix.pch */,
				ECE0983213806E2700D8AB16 /* main.m */,
			);
			name = "Other Sources";
			sourceTree = "<group>";
		};
		ECE61A99137C4BBA00622B58 /* Images */ = {
			isa = PBXGroup;
			children = (
				ECE61A9A137C4BD000622B58 /* iPadSplashScreen.png */,
				ECE61A9B137C4BD000622B58 /* iPhoneSplashScreen.png */,
				ECE61A9C137C4BD000622B58 /* Default-Portrait~ipad.png */,
				ECE61A9D137C4BD000622B58 /* Icon72x72.png */,
				ECE61A9E137C4BD000622B58 /* TeacherConsole.png */,
				ECE61A9F137C4BD000622B58 /* Default.png */,
				ECE61AA0137C4BD000622B58 /* Icon@2x.png */,
				ECE61AA1137C4BD000622B58 /* Icon.png */,
			);
			name = Images;
			sourceTree = "<group>";
		};
/* End PBXGroup section */

/* Begin PBXNativeTarget section */
		ECE61A06137C3E5F00622B58 /* IOS-Streaming-Browser */ = {
			isa = PBXNativeTarget;
			buildConfigurationList = ECE61A28137C3E5F00622B58 /* Build configuration list for PBXNativeTarget "IOS-Streaming-Browser" */;
			buildPhases = (
				ECE61A03137C3E5F00622B58 /* Sources */,
				ECE61A04137C3E5F00622B58 /* Frameworks */,
				ECE61A05137C3E5F00622B58 /* Resources */,
			);
			buildRules = (
			);
			dependencies = (
			);
			name = "IOS-Streaming-Browser";
			productName = "IOS-Streaming-Browser";
			productReference = ECE61A07137C3E5F00622B58 /* IOS-Streaming-Browser.app */;
			productType = "com.apple.product-type.application";
		};
/* End PBXNativeTarget section */

/* Begin PBXProject section */
		ECE619FE137C3E5F00622B58 /* Project object */ = {
			isa = PBXProject;
			buildConfigurationList = ECE61A01137C3E5F00622B58 /* Build configuration list for PBXProject "IOS-Streaming-Browser" */;
			compatibilityVersion = "Xcode 3.2";
			developmentRegion = English;
			hasScannedForEncodings = 0;
			knownRegions = (
				en,
			);
			mainGroup = ECE619FC137C3E5E00622B58;
			productRefGroup = ECE61A08137C3E5F00622B58 /* Products */;
			projectDirPath = "";
			projectRoot = "";
			targets = (
				ECE61A06137C3E5F00622B58 /* IOS-Streaming-Browser */,
			);
		};
/* End PBXProject section */

/* Begin PBXResourcesBuildPhase section */
		ECE61A05137C3E5F00622B58 /* Resources */ = {
			isa = PBXResourcesBuildPhase;
			buildActionMask = 2147483647;
			files = (
				ECE61A90137C4B5A00622B58 /* Web in Resources */,
				ECE61AA2137C4BD000622B58 /* iPadSplashScreen.png in Resources */,
				ECE61AA3137C4BD000622B58 /* iPhoneSplashScreen.png in Resources */,
				ECE61AA4137C4BD000622B58 /* Default-Portrait~ipad.png in Resources */,
				ECE61AA5137C4BD000622B58 /* Icon72x72.png in Resources */,
				ECE61AA6137C4BD000622B58 /* TeacherConsole.png in Resources */,
				ECE61AA7137C4BD000622B58 /* Default.png in Resources */,
				ECE61AA8137C4BD000622B58 /* Icon@2x.png in Resources */,
				ECE61AA9137C4BD000622B58 /* Icon.png in Resources */,
				ECE61AC4137C5D2200622B58 /* MainWindow.xib in Resources */,
				ECE098161380168700D8AB16 /* MainWindow_iPad.xib in Resources */,
			);
			runOnlyForDeploymentPostprocessing = 0;
		};
/* End PBXResourcesBuildPhase section */

/* Begin PBXSourcesBuildPhase section */
		ECE61A03137C3E5F00622B58 /* Sources */ = {
			isa = PBXSourcesBuildPhase;
			buildActionMask = 2147483647;
			files = (
				ECE61AB7137C552D00622B58 /* localhostAddresses.m in Sources */,
				ECA7E4DD137CD6520046380A /* GCDAsyncSocket.m in Sources */,
				ECA7E4EB137CD6890046380A /* HTTPAuthenticationRequest.m in Sources */,
				ECA7E4EC137CD6890046380A /* HTTPServer.m in Sources */,
				ECA7E4ED137CD6890046380A /* HTTPConnection.m in Sources */,
				ECA7E4EE137CD6890046380A /* HTTPMessage.m in Sources */,
				ECA7E4EF137CD6890046380A /* WebSocket.m in Sources */,
				ECA7E4F6137CD6980046380A /* DDData.m in Sources */,
				ECA7E4F7137CD6980046380A /* DDNumber.m in Sources */,
				ECA7E4F8137CD6980046380A /* DDRange.m in Sources */,
				ECA7E503137CD6A10046380A /* HTTPFileResponse.m in Sources */,
				ECA7E504137CD6A10046380A /* HTTPDataResponse.m in Sources */,
				ECA7E505137CD6A10046380A /* HTTPRedirectResponse.m in Sources */,
				ECA7E506137CD6A10046380A /* HTTPAsyncFileResponse.m in Sources */,
				ECA7E507137CD6A10046380A /* HTTPDynamicFileResponse.m in Sources */,
				ECE0982A13806DE600D8AB16 /* IOS_Streaming_BrowserAppDelegate.m in Sources */,
				ECE0982F13806DFD00D8AB16 /* IOS_Streaming_BrowserViewController.m in Sources */,
				ECE0983313806E2700D8AB16 /* main.m in Sources */,
				EC7CC649138161E8001B5D70 /* DDLog.m in Sources */,
				EC7CC64A138161E8001B5D70 /* DDTTYLogger.m in Sources */,
				EC7CC64B138161E8001B5D70 /* DDASLLogger.m in Sources */,
				EC7CC64C138161E8001B5D70 /* DDFileLogger.m in Sources */,
			);
			runOnlyForDeploymentPostprocessing = 0;
		};
/* End PBXSourcesBuildPhase section */

/* Begin XCBuildConfiguration section */
		ECE61A26137C3E5F00622B58 /* Debug */ = {
			isa = XCBuildConfiguration;
			buildSettings = {
				ARCHS = "$(ARCHS_UNIVERSAL_IPHONE_OS)";
				"CODE_SIGN_IDENTITY[sdk=iphoneos*]" = "iPhone Developer";
				GCC_C_LANGUAGE_STANDARD = gnu99;
				GCC_OPTIMIZATION_LEVEL = 0;
				GCC_PREPROCESSOR_DEFINITIONS = DEBUG;
				GCC_SYMBOLS_PRIVATE_EXTERN = NO;
				GCC_VERSION = com.apple.compilers.llvmgcc42;
				GCC_WARN_ABOUT_RETURN_TYPE = YES;
				GCC_WARN_UNUSED_VARIABLE = YES;
				IPHONEOS_DEPLOYMENT_TARGET = 4.3;
				SDKROOT = iphoneos;
				TARGETED_DEVICE_FAMILY = 1;
			};
			name = Debug;
		};
		ECE61A27137C3E5F00622B58 /* Release */ = {
			isa = XCBuildConfiguration;
			buildSettings = {
				ARCHS = "$(ARCHS_UNIVERSAL_IPHONE_OS)";
				"CODE_SIGN_IDENTITY[sdk=iphoneos*]" = "iPhone Developer";
				GCC_C_LANGUAGE_STANDARD = gnu99;
				GCC_VERSION = com.apple.compilers.llvmgcc42;
				GCC_WARN_ABOUT_RETURN_TYPE = YES;
				GCC_WARN_UNUSED_VARIABLE = YES;
				IPHONEOS_DEPLOYMENT_TARGET = 4.3;
				OTHER_CFLAGS = "-DNS_BLOCK_ASSERTIONS=1";
				SDKROOT = iphoneos;
				TARGETED_DEVICE_FAMILY = 1;
			};
			name = Release;
		};
		ECE61A29137C3E5F00622B58 /* Debug */ = {
			isa = XCBuildConfiguration;
			buildSettings = {
				ALWAYS_SEARCH_USER_PATHS = NO;
				COPY_PHASE_STRIP = NO;
				GCC_DYNAMIC_NO_PIC = NO;
				GCC_PRECOMPILE_PREFIX_HEADER = YES;
				GCC_PREFIX_HEADER = "IOS-Streaming-Browser-Prefix.pch";
				INFOPLIST_FILE = "IOS-Streaming-Browser-Info.plist";
				LIBRARY_SEARCH_PATHS = (
					"$(inherited)",
					"\"$(SRCROOT)\"",
				);
				PRODUCT_NAME = "$(TARGET_NAME)";
				TARGETED_DEVICE_FAMILY = "1,2";
				WRAPPER_EXTENSION = app;
			};
			name = Debug;
		};
		ECE61A2A137C3E5F00622B58 /* Release */ = {
			isa = XCBuildConfiguration;
			buildSettings = {
				ALWAYS_SEARCH_USER_PATHS = NO;
				COPY_PHASE_STRIP = YES;
				GCC_PRECOMPILE_PREFIX_HEADER = YES;
				GCC_PREFIX_HEADER = "IOS-Streaming-Browser-Prefix.pch";
				INFOPLIST_FILE = "IOS-Streaming-Browser-Info.plist";
				LIBRARY_SEARCH_PATHS = (
					"$(inherited)",
					"\"$(SRCROOT)\"",
				);
				PRODUCT_NAME = "$(TARGET_NAME)";
				TARGETED_DEVICE_FAMILY = "1,2";
				VALIDATE_PRODUCT = YES;
				WRAPPER_EXTENSION = app;
			};
			name = Release;
		};
/* End XCBuildConfiguration section */

/* Begin XCConfigurationList section */
		ECE61A01137C3E5F00622B58 /* Build configuration list for PBXProject "IOS-Streaming-Browser" */ = {
			isa = XCConfigurationList;
			buildConfigurations = (
				ECE61A26137C3E5F00622B58 /* Debug */,
				ECE61A27137C3E5F00622B58 /* Release */,
			);
			defaultConfigurationIsVisible = 0;
			defaultConfigurationName = Release;
		};
		ECE61A28137C3E5F00622B58 /* Build configuration list for PBXNativeTarget "IOS-Streaming-Browser" */ = {
			isa = XCConfigurationList;
			buildConfigurations = (
				ECE61A29137C3E5F00622B58 /* Debug */,
				ECE61A2A137C3E5F00622B58 /* Release */,
			);
			defaultConfigurationIsVisible = 0;
			defaultConfigurationName = Release;
		};
/* End XCConfigurationList section */
	};
	rootObject = ECE619FE137C3E5F00622B58 /* Project object */;
}
